
Microsoft Visual Studio Solution File, Format Version 12.00
# Visual Studio Version 17
VisualStudioVersion = 17.5.002.0
MinimumVisualStudioVersion = 10.0.40219.1
Project("{2150E333-8FDC-42A3-9474-1A3956D46DE8}") = "lib", "lib", "{598AAA88-B95D-4F14-97B6-D4510E691B06}"
EndProject
Project("{2150E333-8FDC-42A3-9474-1A3956D46DE8}") = "lufa", "lufa", "{F25EC12F-EDE5-4DAA-92FB-F83E395FCB82}"
EndProject
Project("{2150E333-8FDC-42A3-9474-1A3956D46DE8}") = "Projects", "Projects", "{96370427-7D67-4190-B1E1-D2A142E1459C}"
EndProject
Project("{2150E333-8FDC-42A3-9474-1A3956D46DE8}") = "LEDNotifier", "LEDNotifier", "{4B05C89A-BC6D-48E5-B80E-1ACA1775C29F}"
EndProject
Project("{9A19103F-16F7-4668-BE54-9A1E7A4F7556}") = "CPUMonitor", "lib\lufa\Projects\LEDNotifier\CPUUsageApp\CPUMonitor.csproj", "{3D07BADE-5923-4389-92D1-30BFF19412C1}"
EndProject
Project("{9A19103F-16F7-4668-BE54-9A1E7A4F7556}") = "LEDMixer", "lib\lufa\Projects\LEDNotifier\LEDMixerApp\LEDMixer.csproj", "{906EC882-5B70-41BA-A1CD-0F46DA8C9606}"
EndProject
Project("{2150E333-8FDC-42A3-9474-1A3956D46DE8}") = "TempDataLogger", "TempDataLogger", "{15FFF760-F094-471F-A7A7-B2EBD9FF2832}"
EndProject
Project("{9A19103F-16F7-4668-BE54-9A1E7A4F7556}") = "TempLoggerHostApp", "lib\lufa\Projects\TempDataLogger\TempLogHostApp\TempLoggerHostApp.csproj", "{24CAD72A-2FB5-41D4-AD61-D0A8322594C6}"
EndProject
Global
	GlobalSection(SolutionConfigurationPlatforms) = preSolution
		Debug|Any CPU = Debug|Any CPU
		Release|Any CPU = Release|Any CPU
	EndGlobalSection
	GlobalSection(ProjectConfigurationPlatforms) = postSolution
		{3D07BADE-5923-4389-92D1-30BFF19412C1}.Debug|Any CPU.ActiveCfg = Debug|Any CPU
		{3D07BADE-5923-4389-92D1-30BFF19412C1}.Debug|Any CPU.Build.0 = Debug|Any CPU
		{3D07BADE-5923-4389-92D1-30BFF19412C1}.Release|Any CPU.ActiveCfg = Release|Any CPU
		{3D07BADE-5923-4389-92D1-30BFF19412C1}.Release|Any CPU.Build.0 = Release|Any CPU
		{906EC882-5B70-41BA-A1CD-0F46DA8C9606}.Debug|Any CPU.ActiveCfg = Debug|Any CPU
		{906EC882-5B70-41BA-A1CD-0F46DA8C9606}.Debug|Any CPU.Build.0 = Debug|Any CPU
		{906EC882-5B70-41BA-A1CD-0F46DA8C9606}.Release|Any CPU.ActiveCfg = Release|Any CPU
		{906EC882-5B70-41BA-A1CD-0F46DA8C9606}.Release|Any CPU.Build.0 = Release|Any CPU
		{24CAD72A-2FB5-41D4-AD61-D0A8322594C6}.Debug|Any CPU.ActiveCfg = Debug|Any CPU
		{24CAD72A-2FB5-41D4-AD61-D0A8322594C6}.Debug|Any CPU.Build.0 = Debug|Any CPU
		{24CAD72A-2FB5-41D4-AD61-D0A8322594C6}.Release|Any CPU.ActiveCfg = Release|Any CPU
		{24CAD72A-2FB5-41D4-AD61-D0A8322594C6}.Release|Any CPU.Build.0 = Release|Any CPU
	EndGlobalSection
	GlobalSection(SolutionProperties) = preSolution
		HideSolutionNode = FALSE
	EndGlobalSection
	GlobalSection(NestedProjects) = preSolution
		{F25EC12F-EDE5-4DAA-92FB-F83E395FCB82} = {598AAA88-B95D-4F14-97B6-D4510E691B06}
		{96370427-7D67-4190-B1E1-D2A142E1459C} = {F25EC12F-EDE5-4DAA-92FB-F83E395FCB82}
		{4B05C89A-BC6D-48E5-B80E-1ACA1775C29F} = {96370427-7D67-4190-B1E1-D2A142E1459C}
		{3D07BADE-5923-4389-92D1-30BFF19412C1} = {4B05C89A-BC6D-48E5-B80E-1ACA1775C29F}
		{906EC882-5B70-41BA-A1CD-0F46DA8C9606} = {4B05C89A-BC6D-48E5-B80E-1ACA1775C29F}
		{15FFF760-F094-471F-A7A7-B2EBD9FF2832} = {96370427-7D67-4190-B1E1-D2A142E1459C}
		{24CAD72A-2FB5-41D4-AD61-D0A8322594C6} = {15FFF760-F094-471F-A7A7-B2EBD9FF2832}
	EndGlobalSection
	GlobalSection(ExtensibilityGlobals) = postSolution
		SolutionGuid = {9A38D2A4-86DE-4E67-A879-FA0CD642CBE9}
	EndGlobalSection
EndGlobal
