
Microsoft Visual Studio Solution File, Format Version 12.00
# Visual Studio Version 17
VisualStudioVersion = 17.5.002.0
MinimumVisualStudioVersion = 10.0.40219.1
Project("{2150E333-8FDC-42A3-9474-1A3956D46DE8}") = "lib", "lib", "{31D044C6-4CDE-44CA-973D-D8083B4C8303}"
EndProject
Project("{2150E333-8FDC-42A3-9474-1A3956D46DE8}") = "lufa", "lufa", "{2DD06383-0441-4638-B9AB-5FD5CECAEA07}"
EndProject
Project("{2150E333-8FDC-42A3-9474-1A3956D46DE8}") = "Projects", "Projects", "{C325EA18-014E-4014-87E1-601273B1E249}"
EndProject
Project("{2150E333-8FDC-42A3-9474-1A3956D46DE8}") = "LEDNotifier", "LEDNotifier", "{3C261493-DCFA-4C32-BD62-A3BBA13A4769}"
EndProject
Project("{9A19103F-16F7-4668-BE54-9A1E7A4F7556}") = "CPUMonitor", "lib\lufa\Projects\LEDNotifier\CPUUsageApp\CPUMonitor.csproj", "{9FE683EB-BDCE-4560-9DCE-9B00CC7A1352}"
EndProject
Project("{9A19103F-16F7-4668-BE54-9A1E7A4F7556}") = "LEDMixer", "lib\lufa\Projects\LEDNotifier\LEDMixerApp\LEDMixer.csproj", "{4DD217F2-BE34-415C-BE3C-F822099205BA}"
EndProject
Project("{2150E333-8FDC-42A3-9474-1A3956D46DE8}") = "TempDataLogger", "TempDataLogger", "{2BB92AB2-79CF-40F3-BB99-A2C67565FD54}"
EndProject
Project("{9A19103F-16F7-4668-BE54-9A1E7A4F7556}") = "TempLoggerHostApp", "lib\lufa\Projects\TempDataLogger\TempLogHostApp\TempLoggerHostApp.csproj", "{6C5A7564-23BD-4F24-A4F2-ABBD42454D74}"
EndProject
Global
	GlobalSection(SolutionConfigurationPlatforms) = preSolution
		Debug|Any CPU = Debug|Any CPU
		Release|Any CPU = Release|Any CPU
	EndGlobalSection
	GlobalSection(ProjectConfigurationPlatforms) = postSolution
		{9FE683EB-BDCE-4560-9DCE-9B00CC7A1352}.Debug|Any CPU.ActiveCfg = Debug|Any CPU
		{9FE683EB-BDCE-4560-9DCE-9B00CC7A1352}.Debug|Any CPU.Build.0 = Debug|Any CPU
		{9FE683EB-BDCE-4560-9DCE-9B00CC7A1352}.Release|Any CPU.ActiveCfg = Release|Any CPU
		{9FE683EB-BDCE-4560-9DCE-9B00CC7A1352}.Release|Any CPU.Build.0 = Release|Any CPU
		{4DD217F2-BE34-415C-BE3C-F822099205BA}.Debug|Any CPU.ActiveCfg = Debug|Any CPU
		{4DD217F2-BE34-415C-BE3C-F822099205BA}.Debug|Any CPU.Build.0 = Debug|Any CPU
		{4DD217F2-BE34-415C-BE3C-F822099205BA}.Release|Any CPU.ActiveCfg = Release|Any CPU
		{4DD217F2-BE34-415C-BE3C-F822099205BA}.Release|Any CPU.Build.0 = Release|Any CPU
		{6C5A7564-23BD-4F24-A4F2-ABBD42454D74}.Debug|Any CPU.ActiveCfg = Debug|Any CPU
		{6C5A7564-23BD-4F24-A4F2-ABBD42454D74}.Debug|Any CPU.Build.0 = Debug|Any CPU
		{6C5A7564-23BD-4F24-A4F2-ABBD42454D74}.Release|Any CPU.ActiveCfg = Release|Any CPU
		{6C5A7564-23BD-4F24-A4F2-ABBD42454D74}.Release|Any CPU.Build.0 = Release|Any CPU
	EndGlobalSection
	GlobalSection(SolutionProperties) = preSolution
		HideSolutionNode = FALSE
	EndGlobalSection
	GlobalSection(NestedProjects) = preSolution
		{2DD06383-0441-4638-B9AB-5FD5CECAEA07} = {31D044C6-4CDE-44CA-973D-D8083B4C8303}
		{C325EA18-014E-4014-87E1-601273B1E249} = {2DD06383-0441-4638-B9AB-5FD5CECAEA07}
		{3C261493-DCFA-4C32-BD62-A3BBA13A4769} = {C325EA18-014E-4014-87E1-601273B1E249}
		{9FE683EB-BDCE-4560-9DCE-9B00CC7A1352} = {3C261493-DCFA-4C32-BD62-A3BBA13A4769}
		{4DD217F2-BE34-415C-BE3C-F822099205BA} = {3C261493-DCFA-4C32-BD62-A3BBA13A4769}
		{2BB92AB2-79CF-40F3-BB99-A2C67565FD54} = {C325EA18-014E-4014-87E1-601273B1E249}
		{6C5A7564-23BD-4F24-A4F2-ABBD42454D74} = {2BB92AB2-79CF-40F3-BB99-A2C67565FD54}
	EndGlobalSection
	GlobalSection(ExtensibilityGlobals) = postSolution
		SolutionGuid = {9A38D2A4-86DE-4E67-A879-FA0CD642CBE9}
	EndGlobalSection
EndGlobal
